
Microsoft Visual Studio Solution File, Format Version 12.00
# Visual Studio Version 16
VisualStudioVersion = 16.0.32002.261
MinimumVisualStudioVersion = 10.0.40219.1
Project("{FAE04EC0-301F-11D3-BF4B-00C04F79EFBC}") = "SurveyForEducationAPI", "SurveyForEducationAPI\SurveyForEducationAPI.csproj", "{FA6D3E72-DC71-40C1-8967-A21DC1135C77}"
EndProject
Global
	GlobalSection(SolutionConfigurationPlatforms) = preSolution
		Debug|Any CPU = Debug|Any CPU
		Release|Any CPU = Release|Any CPU
	EndGlobalSection
	GlobalSection(ProjectConfigurationPlatforms) = postSolution
		{FA6D3E72-DC71-40C1-8967-A21DC1135C77}.Debug|Any CPU.ActiveCfg = Debug|Any CPU
		{FA6D3E72-DC71-40C1-8967-A21DC1135C77}.Debug|Any CPU.Build.0 = Debug|Any CPU
		{FA6D3E72-DC71-40C1-8967-A21DC1135C77}.Release|Any CPU.ActiveCfg = Release|Any CPU
		{FA6D3E72-DC71-40C1-8967-A21DC1135C77}.Release|Any CPU.Build.0 = Release|Any CPU
	EndGlobalSection
	GlobalSection(SolutionProperties) = preSolution
		HideSolutionNode = FALSE
	EndGlobalSection
	GlobalSection(ExtensibilityGlobals) = postSolution
		SolutionGuid = {EFC522FC-F40E-4334-969D-97D55E40A37F}
	EndGlobalSection
EndGlobal
