
Microsoft Visual Studio Solution File, Format Version 12.00
# Visual Studio Version 16
VisualStudioVersion = 16.0.32002.261
MinimumVisualStudioVersion = 10.0.40219.1
Project("{FAE04EC0-301F-11D3-BF4B-00C04F79EFBC}") = "WebApplication1", "WebApplication1\WebApplication1.csproj", "{52293035-3CCB-4E75-849F-E7ED3BBA0FEE}"
EndProject
Global
	GlobalSection(SolutionConfigurationPlatforms) = preSolution
		Debug|Any CPU = Debug|Any CPU
		Release|Any CPU = Release|Any CPU
	EndGlobalSection
	GlobalSection(ProjectConfigurationPlatforms) = postSolution
		{52293035-3CCB-4E75-849F-E7ED3BBA0FEE}.Debug|Any CPU.ActiveCfg = Debug|Any CPU
		{52293035-3CCB-4E75-849F-E7ED3BBA0FEE}.Debug|Any CPU.Build.0 = Debug|Any CPU
		{52293035-3CCB-4E75-849F-E7ED3BBA0FEE}.Release|Any CPU.ActiveCfg = Release|Any CPU
		{52293035-3CCB-4E75-849F-E7ED3BBA0FEE}.Release|Any CPU.Build.0 = Release|Any CPU
	EndGlobalSection
	GlobalSection(SolutionProperties) = preSolution
		HideSolutionNode = FALSE
	EndGlobalSection
	GlobalSection(ExtensibilityGlobals) = postSolution
		SolutionGuid = {96DE36DE-943A-43A8-8627-D5BD429E85F2}
	EndGlobalSection
EndGlobal
