
Microsoft Visual Studio Solution File, Format Version 12.00
# Visual Studio Version 16
VisualStudioVersion = 16.0.32002.261
MinimumVisualStudioVersion = 10.0.40219.1
Project("{FAE04EC0-301F-11D3-BF4B-00C04F79EFBC}") = "EducationSurveyAPI", "EducationSurveyAPI\EducationSurveyAPI.csproj", "{1A3BD58D-0A00-4F31-B093-739DB29F4482}"
EndProject
Global
	GlobalSection(SolutionConfigurationPlatforms) = preSolution
		Debug|Any CPU = Debug|Any CPU
		Release|Any CPU = Release|Any CPU
	EndGlobalSection
	GlobalSection(ProjectConfigurationPlatforms) = postSolution
		{1A3BD58D-0A00-4F31-B093-739DB29F4482}.Debug|Any CPU.ActiveCfg = Debug|Any CPU
		{1A3BD58D-0A00-4F31-B093-739DB29F4482}.Debug|Any CPU.Build.0 = Debug|Any CPU
		{1A3BD58D-0A00-4F31-B093-739DB29F4482}.Release|Any CPU.ActiveCfg = Release|Any CPU
		{1A3BD58D-0A00-4F31-B093-739DB29F4482}.Release|Any CPU.Build.0 = Release|Any CPU
	EndGlobalSection
	GlobalSection(SolutionProperties) = preSolution
		HideSolutionNode = FALSE
	EndGlobalSection
	GlobalSection(ExtensibilityGlobals) = postSolution
		SolutionGuid = {D9A1E739-AED6-4B29-A333-A7D17D71B149}
	EndGlobalSection
EndGlobal
